
Microsoft Visual Studio Solution File, Format Version 12.00
# Visual Studio Version 17
VisualStudioVersion = 17.9.34622.214
MinimumVisualStudioVersion = 10.0.40219.1
Project("{FAE04EC0-301F-11D3-BF4B-00C04F79EFBC}") = "Lab9UsingDatabases", "Lab9UsingDatabases.csproj", "{B7E2A687-B723-41C3-83D6-8794DE0CFF4E}"
EndProject
Global
	GlobalSection(SolutionConfigurationPlatforms) = preSolution
		Debug|Any CPU = Debug|Any CPU
		Release|Any CPU = Release|Any CPU
	EndGlobalSection
	GlobalSection(ProjectConfigurationPlatforms) = postSolution
		{B7E2A687-B723-41C3-83D6-8794DE0CFF4E}.Debug|Any CPU.ActiveCfg = Debug|Any CPU
		{B7E2A687-B723-41C3-83D6-8794DE0CFF4E}.Debug|Any CPU.Build.0 = Debug|Any CPU
		{B7E2A687-B723-41C3-83D6-8794DE0CFF4E}.Release|Any CPU.ActiveCfg = Release|Any CPU
		{B7E2A687-B723-41C3-83D6-8794DE0CFF4E}.Release|Any CPU.Build.0 = Release|Any CPU
	EndGlobalSection
	GlobalSection(SolutionProperties) = preSolution
		HideSolutionNode = FALSE
	EndGlobalSection
	GlobalSection(ExtensibilityGlobals) = postSolution
		SolutionGuid = {F67BD9E8-7380-46FC-B559-007FF83B5828}
	EndGlobalSection
EndGlobal
